
Microsoft Visual Studio Solution File, Format Version 12.00
# Visual Studio Version 17
VisualStudioVersion = 17.5.33424.131
MinimumVisualStudioVersion = 10.0.40219.1
Project("{FAE04EC0-301F-11D3-BF4B-00C04F79EFBC}") = "1337_The_K_Weakest_Rows_in_a_Matrix", "1337_The_K_Weakest_Rows_in_a_Matrix.csproj", "{FEA31E4B-A90E-420B-9978-B29AB34B1296}"
EndProject
Global
	GlobalSection(SolutionConfigurationPlatforms) = preSolution
		Debug|Any CPU = Debug|Any CPU
		Release|Any CPU = Release|Any CPU
	EndGlobalSection
	GlobalSection(ProjectConfigurationPlatforms) = postSolution
		{FEA31E4B-A90E-420B-9978-B29AB34B1296}.Debug|Any CPU.ActiveCfg = Debug|Any CPU
		{FEA31E4B-A90E-420B-9978-B29AB34B1296}.Debug|Any CPU.Build.0 = Debug|Any CPU
		{FEA31E4B-A90E-420B-9978-B29AB34B1296}.Release|Any CPU.ActiveCfg = Release|Any CPU
		{FEA31E4B-A90E-420B-9978-B29AB34B1296}.Release|Any CPU.Build.0 = Release|Any CPU
	EndGlobalSection
	GlobalSection(SolutionProperties) = preSolution
		HideSolutionNode = FALSE
	EndGlobalSection
	GlobalSection(ExtensibilityGlobals) = postSolution
		SolutionGuid = {C83142F8-19FF-455C-87F9-225C9F042ECC}
	EndGlobalSection
EndGlobal
